
Microsoft Visual Studio Solution File, Format Version 12.00
# Visual Studio 15
VisualStudioVersion = 15.0.26730.10
MinimumVisualStudioVersion = 10.0.40219.1
Project("{FAE04EC0-301F-11D3-BF4B-00C04F79EFBC}") = "Calculator", "Calculator\Calculator.csproj", "{387C3B91-3F0B-4088-B175-0DADAD634A6F}"
EndProject
Global
	GlobalSection(SolutionConfigurationPlatforms) = preSolution
		Debug|Any CPU = Debug|Any CPU
		Release|Any CPU = Release|Any CPU
	EndGlobalSection
	GlobalSection(ProjectConfigurationPlatforms) = postSolution
		{387C3B91-3F0B-4088-B175-0DADAD634A6F}.Debug|Any CPU.ActiveCfg = Debug|Any CPU
		{387C3B91-3F0B-4088-B175-0DADAD634A6F}.Debug|Any CPU.Build.0 = Debug|Any CPU
		{387C3B91-3F0B-4088-B175-0DADAD634A6F}.Release|Any CPU.ActiveCfg = Release|Any CPU
		{387C3B91-3F0B-4088-B175-0DADAD634A6F}.Release|Any CPU.Build.0 = Release|Any CPU
	EndGlobalSection
	GlobalSection(SolutionProperties) = preSolution
		HideSolutionNode = FALSE
	EndGlobalSection
	GlobalSection(ExtensibilityGlobals) = postSolution
		SolutionGuid = {92896AD8-70E7-4E23-9139-ADD38F24CEFC}
	EndGlobalSection
EndGlobal
